
Microsoft Visual Studio Solution File, Format Version 12.00
# Visual Studio Version 16
VisualStudioVersion = 16.0.31624.102
MinimumVisualStudioVersion = 10.0.40219.1
Project("{FAE04EC0-301F-11D3-BF4B-00C04F79EFBC}") = "VisualStudio2019-CSharpGitHub", "VisualStudio2019-CSharpGitHub.csproj", "{A2C61669-B742-4CDF-AEDE-14A38193D710}"
EndProject
Global
	GlobalSection(SolutionConfigurationPlatforms) = preSolution
		Debug|Any CPU = Debug|Any CPU
		Release|Any CPU = Release|Any CPU
	EndGlobalSection
	GlobalSection(ProjectConfigurationPlatforms) = postSolution
		{A2C61669-B742-4CDF-AEDE-14A38193D710}.Debug|Any CPU.ActiveCfg = Debug|Any CPU
		{A2C61669-B742-4CDF-AEDE-14A38193D710}.Debug|Any CPU.Build.0 = Debug|Any CPU
		{A2C61669-B742-4CDF-AEDE-14A38193D710}.Release|Any CPU.ActiveCfg = Release|Any CPU
		{A2C61669-B742-4CDF-AEDE-14A38193D710}.Release|Any CPU.Build.0 = Release|Any CPU
	EndGlobalSection
	GlobalSection(SolutionProperties) = preSolution
		HideSolutionNode = FALSE
	EndGlobalSection
	GlobalSection(ExtensibilityGlobals) = postSolution
		SolutionGuid = {7789B898-0B5C-43D3-926F-F995F92B2309}
	EndGlobalSection
EndGlobal
